
Microsoft Visual Studio Solution File, Format Version 12.00
# Visual Studio Version 16
VisualStudioVersion = 16.0.30128.74
MinimumVisualStudioVersion = 10.0.40219.1
Project("{2150E333-8FDC-42A3-9474-1A3956D46DE8}") = "Solution Items", "Solution Items", "{3BD97330-EBDE-45B9-99D4-D934827E40DE}"
	ProjectSection(SolutionItems) = preProject
		Readme.md = Readme.md
	EndProjectSection
EndProject
Project("{8BC9CEB8-8B4A-11D0-8D11-00A0C91BC942}") = "ApprovalSystem", "Examples\ApprovalSystem\ApprovalSystem.vcxproj", "{352CC64B-AA8B-469D-8DCB-9CB7283955FF}"
EndProject
Project("{8BC9CEB8-8B4A-11D0-8D11-00A0C91BC942}") = "GeneratingPasswords", "Examples\GeneratingPasswords\GeneratingPasswords.vcxproj", "{D207243E-4834-41A2-AEBC-7A2E1383E10B}"
EndProject
Project("{8BC9CEB8-8B4A-11D0-8D11-00A0C91BC942}") = "ObservableVectorContainer", "Examples\ObservableVectorContainer\ObservableVectorContainer.vcxproj", "{8225E500-1860-462A-8844-33006394D0AE}"
EndProject
Project("{8BC9CEB8-8B4A-11D0-8D11-00A0C91BC942}") = "Pimpl", "Examples\Pimpl\Pimpl.vcxproj", "{8D948E51-5CFF-4647-8FD8-CDCD32197E51}"
EndProject
Project("{8BC9CEB8-8B4A-11D0-8D11-00A0C91BC942}") = "StorageExplorer", "Examples\StorageExplorer\StorageExplorer.vcxproj", "{3F96724F-AED9-42CD-97AD-0C503F03D227}"
EndProject
Project("{8BC9CEB8-8B4A-11D0-8D11-00A0C91BC942}") = "ValidatingPasswords", "Examples\ValidatingPasswords\ValidatingPasswords.vcxproj", "{32FE551D-2645-40B5-BEC4-67F969E014CF}"
EndProject
Project("{8BC9CEB8-8B4A-11D0-8D11-00A0C91BC942}") = "Semigraphics", "Examples\Semigraphics\Semigraphics.vcxproj", "{00746251-1827-4C7C-ACB7-9C81FBD83272}"
EndProject
Project("{8BC9CEB8-8B4A-11D0-8D11-00A0C91BC942}") = "TrafficLight", "Examples\TrafficLight\TrafficLight.vcxproj", "{8D6178BD-31BB-4A30-ABF9-ED5F3DC57F3E}"
EndProject
Project("{8BC9CEB8-8B4A-11D0-8D11-00A0C91BC942}") = "CountingObjects", "Examples\CountingObjects\CountingObjects.vcxproj", "{88327187-F67D-4B89-828B-2420C86C59CB}"
EndProject
Project("{8BC9CEB8-8B4A-11D0-8D11-00A0C91BC942}") = "TextProcessor", "Examples\TextProcessor\TextProcessor.vcxproj", "{BB524CB9-305E-422F-B198-EC635BFE702D}"
EndProject
Project("{8BC9CEB8-8B4A-11D0-8D11-00A0C91BC942}") = "NotificationSender", "Examples\NotificationSender\NotificationSender.vcxproj", "{FFDEB854-DC4E-4A30-B626-61B07B7B5B5A}"
EndProject
Global
	GlobalSection(SolutionConfigurationPlatforms) = preSolution
		Debug|x64 = Debug|x64
		Debug|x86 = Debug|x86
		Release|x64 = Release|x64
		Release|x86 = Release|x86
	EndGlobalSection
	GlobalSection(ProjectConfigurationPlatforms) = postSolution
		{352CC64B-AA8B-469D-8DCB-9CB7283955FF}.Debug|x64.ActiveCfg = Debug|x64
		{352CC64B-AA8B-469D-8DCB-9CB7283955FF}.Debug|x64.Build.0 = Debug|x64
		{352CC64B-AA8B-469D-8DCB-9CB7283955FF}.Debug|x86.ActiveCfg = Debug|Win32
		{352CC64B-AA8B-469D-8DCB-9CB7283955FF}.Debug|x86.Build.0 = Debug|Win32
		{352CC64B-AA8B-469D-8DCB-9CB7283955FF}.Release|x64.ActiveCfg = Release|x64
		{352CC64B-AA8B-469D-8DCB-9CB7283955FF}.Release|x64.Build.0 = Release|x64
		{352CC64B-AA8B-469D-8DCB-9CB7283955FF}.Release|x86.ActiveCfg = Release|Win32
		{352CC64B-AA8B-469D-8DCB-9CB7283955FF}.Release|x86.Build.0 = Release|Win32
		{D207243E-4834-41A2-AEBC-7A2E1383E10B}.Debug|x64.ActiveCfg = Debug|x64
		{D207243E-4834-41A2-AEBC-7A2E1383E10B}.Debug|x64.Build.0 = Debug|x64
		{D207243E-4834-41A2-AEBC-7A2E1383E10B}.Debug|x86.ActiveCfg = Debug|Win32
		{D207243E-4834-41A2-AEBC-7A2E1383E10B}.Debug|x86.Build.0 = Debug|Win32
		{D207243E-4834-41A2-AEBC-7A2E1383E10B}.Release|x64.ActiveCfg = Release|x64
		{D207243E-4834-41A2-AEBC-7A2E1383E10B}.Release|x64.Build.0 = Release|x64
		{D207243E-4834-41A2-AEBC-7A2E1383E10B}.Release|x86.ActiveCfg = Release|Win32
		{D207243E-4834-41A2-AEBC-7A2E1383E10B}.Release|x86.Build.0 = Release|Win32
		{8225E500-1860-462A-8844-33006394D0AE}.Debug|x64.ActiveCfg = Debug|x64
		{8225E500-1860-462A-8844-33006394D0AE}.Debug|x64.Build.0 = Debug|x64
		{8225E500-1860-462A-8844-33006394D0AE}.Debug|x86.ActiveCfg = Debug|Win32
		{8225E500-1860-462A-8844-33006394D0AE}.Debug|x86.Build.0 = Debug|Win32
		{8225E500-1860-462A-8844-33006394D0AE}.Release|x64.ActiveCfg = Release|x64
		{8225E500-1860-462A-8844-33006394D0AE}.Release|x64.Build.0 = Release|x64
		{8225E500-1860-462A-8844-33006394D0AE}.Release|x86.ActiveCfg = Release|Win32
		{8225E500-1860-462A-8844-33006394D0AE}.Release|x86.Build.0 = Release|Win32
		{8D948E51-5CFF-4647-8FD8-CDCD32197E51}.Debug|x64.ActiveCfg = Debug|x64
		{8D948E51-5CFF-4647-8FD8-CDCD32197E51}.Debug|x64.Build.0 = Debug|x64
		{8D948E51-5CFF-4647-8FD8-CDCD32197E51}.Debug|x86.ActiveCfg = Debug|Win32
		{8D948E51-5CFF-4647-8FD8-CDCD32197E51}.Debug|x86.Build.0 = Debug|Win32
		{8D948E51-5CFF-4647-8FD8-CDCD32197E51}.Release|x64.ActiveCfg = Release|x64
		{8D948E51-5CFF-4647-8FD8-CDCD32197E51}.Release|x64.Build.0 = Release|x64
		{8D948E51-5CFF-4647-8FD8-CDCD32197E51}.Release|x86.ActiveCfg = Release|Win32
		{8D948E51-5CFF-4647-8FD8-CDCD32197E51}.Release|x86.Build.0 = Release|Win32
		{3F96724F-AED9-42CD-97AD-0C503F03D227}.Debug|x64.ActiveCfg = Debug|x64
		{3F96724F-AED9-42CD-97AD-0C503F03D227}.Debug|x64.Build.0 = Debug|x64
		{3F96724F-AED9-42CD-97AD-0C503F03D227}.Debug|x86.ActiveCfg = Debug|Win32
		{3F96724F-AED9-42CD-97AD-0C503F03D227}.Debug|x86.Build.0 = Debug|Win32
		{3F96724F-AED9-42CD-97AD-0C503F03D227}.Release|x64.ActiveCfg = Release|x64
		{3F96724F-AED9-42CD-97AD-0C503F03D227}.Release|x64.Build.0 = Release|x64
		{3F96724F-AED9-42CD-97AD-0C503F03D227}.Release|x86.ActiveCfg = Release|Win32
		{3F96724F-AED9-42CD-97AD-0C503F03D227}.Release|x86.Build.0 = Release|Win32
		{32FE551D-2645-40B5-BEC4-67F969E014CF}.Debug|x64.ActiveCfg = Debug|x64
		{32FE551D-2645-40B5-BEC4-67F969E014CF}.Debug|x64.Build.0 = Debug|x64
		{32FE551D-2645-40B5-BEC4-67F969E014CF}.Debug|x86.ActiveCfg = Debug|Win32
		{32FE551D-2645-40B5-BEC4-67F969E014CF}.Debug|x86.Build.0 = Debug|Win32
		{32FE551D-2645-40B5-BEC4-67F969E014CF}.Release|x64.ActiveCfg = Release|x64
		{32FE551D-2645-40B5-BEC4-67F969E014CF}.Release|x64.Build.0 = Release|x64
		{32FE551D-2645-40B5-BEC4-67F969E014CF}.Release|x86.ActiveCfg = Release|Win32
		{32FE551D-2645-40B5-BEC4-67F969E014CF}.Release|x86.Build.0 = Release|Win32
		{00746251-1827-4C7C-ACB7-9C81FBD83272}.Debug|x64.ActiveCfg = Debug|x64
		{00746251-1827-4C7C-ACB7-9C81FBD83272}.Debug|x64.Build.0 = Debug|x64
		{00746251-1827-4C7C-ACB7-9C81FBD83272}.Debug|x86.ActiveCfg = Debug|Win32
		{00746251-1827-4C7C-ACB7-9C81FBD83272}.Debug|x86.Build.0 = Debug|Win32
		{00746251-1827-4C7C-ACB7-9C81FBD83272}.Release|x64.ActiveCfg = Release|x64
		{00746251-1827-4C7C-ACB7-9C81FBD83272}.Release|x64.Build.0 = Release|x64
		{00746251-1827-4C7C-ACB7-9C81FBD83272}.Release|x86.ActiveCfg = Release|Win32
		{00746251-1827-4C7C-ACB7-9C81FBD83272}.Release|x86.Build.0 = Release|Win32
		{8D6178BD-31BB-4A30-ABF9-ED5F3DC57F3E}.Debug|x64.ActiveCfg = Debug|x64
		{8D6178BD-31BB-4A30-ABF9-ED5F3DC57F3E}.Debug|x64.Build.0 = Debug|x64
		{8D6178BD-31BB-4A30-ABF9-ED5F3DC57F3E}.Debug|x86.ActiveCfg = Debug|Win32
		{8D6178BD-31BB-4A30-ABF9-ED5F3DC57F3E}.Debug|x86.Build.0 = Debug|Win32
		{8D6178BD-31BB-4A30-ABF9-ED5F3DC57F3E}.Release|x64.ActiveCfg = Release|x64
		{8D6178BD-31BB-4A30-ABF9-ED5F3DC57F3E}.Release|x64.Build.0 = Release|x64
		{8D6178BD-31BB-4A30-ABF9-ED5F3DC57F3E}.Release|x86.ActiveCfg = Release|Win32
		{8D6178BD-31BB-4A30-ABF9-ED5F3DC57F3E}.Release|x86.Build.0 = Release|Win32
		{88327187-F67D-4B89-828B-2420C86C59CB}.Debug|x64.ActiveCfg = Debug|x64
		{88327187-F67D-4B89-828B-2420C86C59CB}.Debug|x64.Build.0 = Debug|x64
		{88327187-F67D-4B89-828B-2420C86C59CB}.Debug|x86.ActiveCfg = Debug|Win32
		{88327187-F67D-4B89-828B-2420C86C59CB}.Debug|x86.Build.0 = Debug|Win32
		{88327187-F67D-4B89-828B-2420C86C59CB}.Release|x64.ActiveCfg = Release|x64
		{88327187-F67D-4B89-828B-2420C86C59CB}.Release|x64.Build.0 = Release|x64
		{88327187-F67D-4B89-828B-2420C86C59CB}.Release|x86.ActiveCfg = Release|Win32
		{88327187-F67D-4B89-828B-2420C86C59CB}.Release|x86.Build.0 = Release|Win32
		{BB524CB9-305E-422F-B198-EC635BFE702D}.Debug|x64.ActiveCfg = Debug|x64
		{BB524CB9-305E-422F-B198-EC635BFE702D}.Debug|x64.Build.0 = Debug|x64
		{BB524CB9-305E-422F-B198-EC635BFE702D}.Debug|x86.ActiveCfg = Debug|Win32
		{BB524CB9-305E-422F-B198-EC635BFE702D}.Debug|x86.Build.0 = Debug|Win32
		{BB524CB9-305E-422F-B198-EC635BFE702D}.Release|x64.ActiveCfg = Release|x64
		{BB524CB9-305E-422F-B198-EC635BFE702D}.Release|x64.Build.0 = Release|x64
		{BB524CB9-305E-422F-B198-EC635BFE702D}.Release|x86.ActiveCfg = Release|Win32
		{BB524CB9-305E-422F-B198-EC635BFE702D}.Release|x86.Build.0 = Release|Win32
		{FFDEB854-DC4E-4A30-B626-61B07B7B5B5A}.Debug|x64.ActiveCfg = Debug|x64
		{FFDEB854-DC4E-4A30-B626-61B07B7B5B5A}.Debug|x64.Build.0 = Debug|x64
		{FFDEB854-DC4E-4A30-B626-61B07B7B5B5A}.Debug|x86.ActiveCfg = Debug|Win32
		{FFDEB854-DC4E-4A30-B626-61B07B7B5B5A}.Debug|x86.Build.0 = Debug|Win32
		{FFDEB854-DC4E-4A30-B626-61B07B7B5B5A}.Release|x64.ActiveCfg = Release|x64
		{FFDEB854-DC4E-4A30-B626-61B07B7B5B5A}.Release|x64.Build.0 = Release|x64
		{FFDEB854-DC4E-4A30-B626-61B07B7B5B5A}.Release|x86.ActiveCfg = Release|Win32
		{FFDEB854-DC4E-4A30-B626-61B07B7B5B5A}.Release|x86.Build.0 = Release|Win32
	EndGlobalSection
	GlobalSection(SolutionProperties) = preSolution
		HideSolutionNode = FALSE
	EndGlobalSection
	GlobalSection(ExtensibilityGlobals) = postSolution
		SolutionGuid = {601FA123-0B97-4041-A385-C6C885040630}
	EndGlobalSection
EndGlobal
