<?xml version="1.0" encoding="utf-8"?>
<Project ToolsVersion="4.0" xmlns="http://schemas.microsoft.com/developer/msbuild/2003">
  <ItemGroup>
    <Filter Include="Source Files">
      <UniqueIdentifier>{4FC737F1-C7A5-4376-A066-2A32D752A2FF}</UniqueIdentifier>
      <Extensions>cpp;c;cc;cxx;c++;def;odl;idl;hpj;bat;asm;asmx</Extensions>
    </Filter>
    <Filter Include="Header Files">
      <UniqueIdentifier>{93995380-89BD-4b04-88EB-625FBE52EBFB}</UniqueIdentifier>
      <Extensions>h;hh;hpp;hxx;h++;hm;inl;inc;ipp;xsd</Extensions>
    </Filter>
    <Filter Include="Resource Files">
      <UniqueIdentifier>{67DA6AB6-F800-4c08-8B7A-83BB121AAD01}</UniqueIdentifier>
      <Extensions>rc;ico;cur;bmp;dlg;rc2;rct;bin;rgs;gif;jpg;jpeg;jpe;resx;tiff;tif;png;wav;mfcribbon-ms</Extensions>
    </Filter>
    <Filter Include="Source Files\Control01">
      <UniqueIdentifier>{b7d56940-7516-45bf-a343-4cad33554923}</UniqueIdentifier>
    </Filter>
    <Filter Include="Source Files\Control02">
      <UniqueIdentifier>{a8cbcd02-b54b-4207-bf2c-15c70468b680}</UniqueIdentifier>
    </Filter>
    <Filter Include="Source Files\Control03">
      <UniqueIdentifier>{1ff94079-56d1-420b-8fa5-4b803bb2b9be}</UniqueIdentifier>
    </Filter>
  </ItemGroup>
  <ItemGroup>
    <None Include="Resources\Readme.md">
      <Filter>Resource Files</Filter>
    </None>
    <None Include="Resources\Solution.md">
      <Filter>Resource Files</Filter>
    </None>
  </ItemGroup>
  <ItemGroup>
    <ClCompile Include="Program.cpp">
      <Filter>Source Files</Filter>
    </ClCompile>
    <ClCompile Include="Pimpl01\Control.cpp">
      <Filter>Source Files\Control01</Filter>
    </ClCompile>
    <ClCompile Include="Pimpl02\Control.cpp">
      <Filter>Source Files\Control02</Filter>
    </ClCompile>
    <ClCompile Include="Pimpl03\Control.cpp">
      <Filter>Source Files\Control03</Filter>
    </ClCompile>
  </ItemGroup>
  <ItemGroup>
    <ClInclude Include="Pimpl01\Control.h">
      <Filter>Source Files\Control01</Filter>
    </ClInclude>
    <ClInclude Include="Pimpl02\Control.h">
      <Filter>Source Files\Control02</Filter>
    </ClInclude>
    <ClInclude Include="Pimpl03\Control.h">
      <Filter>Source Files\Control03</Filter>
    </ClInclude>
  </ItemGroup>
</Project>